// !$*UTF8*$!
{
	archiveVersion = 1;
	classes = {
	};
	objectVersion = 56;
	objects = {

/* Begin PBXBuildFile section */
		8C414FBA2BE1592F00C7F3D2 /* MyWeatherApp.swift in Sources */ = {isa = PBXBuildFile; fileRef = 8C414FB92BE1592F00C7F3D2 /* MyWeatherApp.swift */; };
		8C414FBC2BE1592F00C7F3D2 /* ContentView.swift in Sources */ = {isa = PBXBuildFile; fileRef = 8C414FBB2BE1592F00C7F3D2 /* ContentView.swift */; };
		8C414FBE2BE1593000C7F3D2 /* Assets.xcassets in Resources */ = {isa = PBXBuildFile; fileRef = 8C414FBD2BE1593000C7F3D2 /* Assets.xcassets */; };
		8C414FC12BE1593000C7F3D2 /* Preview Assets.xcassets in Resources */ = {isa = PBXBuildFile; fileRef = 8C414FC02BE1593000C7F3D2 /* Preview Assets.xcassets */; };
		8C414FCB2BE1593000C7F3D2 /* MyWeatherTests.swift in Sources */ = {isa = PBXBuildFile; fileRef = 8C414FCA2BE1593000C7F3D2 /* MyWeatherTests.swift */; };
		8C414FD52BE1593000C7F3D2 /* MyWeatherUITests.swift in Sources */ = {isa = PBXBuildFile; fileRef = 8C414FD42BE1593000C7F3D2 /* MyWeatherUITests.swift */; };
		8C414FD72BE1593000C7F3D2 /* MyWeatherUITestsLaunchTests.swift in Sources */ = {isa = PBXBuildFile; fileRef = 8C414FD62BE1593000C7F3D2 /* MyWeatherUITestsLaunchTests.swift */; };
		8C414FE42BE190FC00C7F3D2 /* WeatherButton.swift in Sources */ = {isa = PBXBuildFile; fileRef = 8C414FE32BE190FC00C7F3D2 /* WeatherButton.swift */; };
		8C414FEE2BE193AB00C7F3D2 /* MainWeatherStatus.swift in Sources */ = {isa = PBXBuildFile; fileRef = 8C414FED2BE193AB00C7F3D2 /* MainWeatherStatus.swift */; };
		8C414FF02BE193CF00C7F3D2 /* CityTextView.swift in Sources */ = {isa = PBXBuildFile; fileRef = 8C414FEF2BE193CF00C7F3D2 /* CityTextView.swift */; };
		8C414FF22BE193EF00C7F3D2 /* BackgroundView.swift in Sources */ = {isa = PBXBuildFile; fileRef = 8C414FF12BE193EF00C7F3D2 /* BackgroundView.swift */; };
		8C414FF42BE1941800C7F3D2 /* WeatherDayView.swift in Sources */ = {isa = PBXBuildFile; fileRef = 8C414FF32BE1941800C7F3D2 /* WeatherDayView.swift */; };
/* End PBXBuildFile section */

/* Begin PBXContainerItemProxy section */
		8C414FC72BE1593000C7F3D2 /* PBXContainerItemProxy */ = {
			isa = PBXContainerItemProxy;
			containerPortal = 8C414FAE2BE1592E00C7F3D2 /* Project object */;
			proxyType = 1;
			remoteGlobalIDString = 8C414FB52BE1592E00C7F3D2;
			remoteInfo = MyWeather;
		};
		8C414FD12BE1593000C7F3D2 /* PBXContainerItemProxy */ = {
			isa = PBXContainerItemProxy;
			containerPortal = 8C414FAE2BE1592E00C7F3D2 /* Project object */;
			proxyType = 1;
			remoteGlobalIDString = 8C414FB52BE1592E00C7F3D2;
			remoteInfo = MyWeather;
		};
/* End PBXContainerItemProxy section */

/* Begin PBXFileReference section */
		8C414FB62BE1592E00C7F3D2 /* MyWeather.app */ = {isa = PBXFileReference; explicitFileType = wrapper.application; includeInIndex = 0; path = MyWeather.app; sourceTree = BUILT_PRODUCTS_DIR; };
		8C414FB92BE1592F00C7F3D2 /* MyWeatherApp.swift */ = {isa = PBXFileReference; lastKnownFileType = sourcecode.swift; path = MyWeatherApp.swift; sourceTree = "<group>"; };
		8C414FBB2BE1592F00C7F3D2 /* ContentView.swift */ = {isa = PBXFileReference; lastKnownFileType = sourcecode.swift; path = ContentView.swift; sourceTree = "<group>"; };
		8C414FBD2BE1593000C7F3D2 /* Assets.xcassets */ = {isa = PBXFileReference; lastKnownFileType = folder.assetcatalog; path = Assets.xcassets; sourceTree = "<group>"; };
		8C414FC02BE1593000C7F3D2 /* Preview Assets.xcassets */ = {isa = PBXFileReference; lastKnownFileType = folder.assetcatalog; path = "Preview Assets.xcassets"; sourceTree = "<group>"; };
		8C414FC62BE1593000C7F3D2 /* MyWeatherTests.xctest */ = {isa = PBXFileReference; explicitFileType = wrapper.cfbundle; includeInIndex = 0; path = MyWeatherTests.xctest; sourceTree = BUILT_PRODUCTS_DIR; };
		8C414FCA2BE1593000C7F3D2 /* MyWeatherTests.swift */ = {isa = PBXFileReference; lastKnownFileType = sourcecode.swift; path = MyWeatherTests.swift; sourceTree = "<group>"; };
		8C414FD02BE1593000C7F3D2 /* MyWeatherUITests.xctest */ = {isa = PBXFileReference; explicitFileType = wrapper.cfbundle; includeInIndex = 0; path = MyWeatherUITests.xctest; sourceTree = BUILT_PRODUCTS_DIR; };
		8C414FD42BE1593000C7F3D2 /* MyWeatherUITests.swift */ = {isa = PBXFileReference; lastKnownFileType = sourcecode.swift; path = MyWeatherUITests.swift; sourceTree = "<group>"; };
		8C414FD62BE1593000C7F3D2 /* MyWeatherUITestsLaunchTests.swift */ = {isa = PBXFileReference; lastKnownFileType = sourcecode.swift; path = MyWeatherUITestsLaunchTests.swift; sourceTree = "<group>"; };
		8C414FE32BE190FC00C7F3D2 /* WeatherButton.swift */ = {isa = PBXFileReference; lastKnownFileType = sourcecode.swift; path = WeatherButton.swift; sourceTree = "<group>"; };
		8C414FED2BE193AB00C7F3D2 /* MainWeatherStatus.swift */ = {isa = PBXFileReference; lastKnownFileType = sourcecode.swift; path = MainWeatherStatus.swift; sourceTree = "<group>"; };
		8C414FEF2BE193CF00C7F3D2 /* CityTextView.swift */ = {isa = PBXFileReference; lastKnownFileType = sourcecode.swift; path = CityTextView.swift; sourceTree = "<group>"; };
		8C414FF12BE193EF00C7F3D2 /* BackgroundView.swift */ = {isa = PBXFileReference; lastKnownFileType = sourcecode.swift; path = BackgroundView.swift; sourceTree = "<group>"; };
		8C414FF32BE1941800C7F3D2 /* WeatherDayView.swift */ = {isa = PBXFileReference; lastKnownFileType = sourcecode.swift; path = WeatherDayView.swift; sourceTree = "<group>"; };
/* End PBXFileReference section */

/* Begin PBXFrameworksBuildPhase section */
		8C414FB32BE1592E00C7F3D2 /* Frameworks */ = {
			isa = PBXFrameworksBuildPhase;
			buildActionMask = 2147483647;
			files = (
			);
			runOnlyForDeploymentPostprocessing = 0;
		};
		8C414FC32BE1593000C7F3D2 /* Frameworks */ = {
			isa = PBXFrameworksBuildPhase;
			buildActionMask = 2147483647;
			files = (
			);
			runOnlyForDeploymentPostprocessing = 0;
		};
		8C414FCD2BE1593000C7F3D2 /* Frameworks */ = {
			isa = PBXFrameworksBuildPhase;
			buildActionMask = 2147483647;
			files = (
			);
			runOnlyForDeploymentPostprocessing = 0;
		};
/* End PBXFrameworksBuildPhase section */

/* Begin PBXGroup section */
		8C414FAD2BE1592E00C7F3D2 = {
			isa = PBXGroup;
			children = (
				8C414FB82BE1592E00C7F3D2 /* MyWeather */,
				8C414FC92BE1593000C7F3D2 /* MyWeatherTests */,
				8C414FD32BE1593000C7F3D2 /* MyWeatherUITests */,
				8C414FB72BE1592E00C7F3D2 /* Products */,
			);
			sourceTree = "<group>";
		};
		8C414FB72BE1592E00C7F3D2 /* Products */ = {
			isa = PBXGroup;
			children = (
				8C414FB62BE1592E00C7F3D2 /* MyWeather.app */,
				8C414FC62BE1593000C7F3D2 /* MyWeatherTests.xctest */,
				8C414FD02BE1593000C7F3D2 /* MyWeatherUITests.xctest */,
			);
			name = Products;
			sourceTree = "<group>";
		};
		8C414FB82BE1592E00C7F3D2 /* MyWeather */ = {
			isa = PBXGroup;
			children = (
				8C414FB92BE1592F00C7F3D2 /* MyWeatherApp.swift */,
				8C414FBB2BE1592F00C7F3D2 /* ContentView.swift */,
				8C414FF32BE1941800C7F3D2 /* WeatherDayView.swift */,
				8C414FF12BE193EF00C7F3D2 /* BackgroundView.swift */,
				8C414FEF2BE193CF00C7F3D2 /* CityTextView.swift */,
				8C414FED2BE193AB00C7F3D2 /* MainWeatherStatus.swift */,
				8C414FBD2BE1593000C7F3D2 /* Assets.xcassets */,
				8C414FBF2BE1593000C7F3D2 /* Preview Content */,
				8C414FE32BE190FC00C7F3D2 /* WeatherButton.swift */,
			);
			path = MyWeather;
			sourceTree = "<group>";
		};
		8C414FBF2BE1593000C7F3D2 /* Preview Content */ = {
			isa = PBXGroup;
			children = (
				8C414FC02BE1593000C7F3D2 /* Preview Assets.xcassets */,
			);
			path = "Preview Content";
			sourceTree = "<group>";
		};
		8C414FC92BE1593000C7F3D2 /* MyWeatherTests */ = {
			isa = PBXGroup;
			children = (
				8C414FCA2BE1593000C7F3D2 /* MyWeatherTests.swift */,
			);
			path = MyWeatherTests;
			sourceTree = "<group>";
		};
		8C414FD32BE1593000C7F3D2 /* MyWeatherUITests */ = {
			isa = PBXGroup;
			children = (
				8C414FD42BE1593000C7F3D2 /* MyWeatherUITests.swift */,
				8C414FD62BE1593000C7F3D2 /* MyWeatherUITestsLaunchTests.swift */,
			);
			path = MyWeatherUITests;
			sourceTree = "<group>";
		};
/* End PBXGroup section */

/* Begin PBXNativeTarget section */
		8C414FB52BE1592E00C7F3D2 /* MyWeather */ = {
			isa = PBXNativeTarget;
			buildConfigurationList = 8C414FDA2BE1593000C7F3D2 /* Build configuration list for PBXNativeTarget "MyWeather" */;
			buildPhases = (
				8C414FB22BE1592E00C7F3D2 /* Sources */,
				8C414FB32BE1592E00C7F3D2 /* Frameworks */,
				8C414FB42BE1592E00C7F3D2 /* Resources */,
			);
			buildRules = (
			);
			dependencies = (
			);
			name = MyWeather;
			productName = MyWeather;
			productReference = 8C414FB62BE1592E00C7F3D2 /* MyWeather.app */;
			productType = "com.apple.product-type.application";
		};
		8C414FC52BE1593000C7F3D2 /* MyWeatherTests */ = {
			isa = PBXNativeTarget;
			buildConfigurationList = 8C414FDD2BE1593000C7F3D2 /* Build configuration list for PBXNativeTarget "MyWeatherTests" */;
			buildPhases = (
				8C414FC22BE1593000C7F3D2 /* Sources */,
				8C414FC32BE1593000C7F3D2 /* Frameworks */,
				8C414FC42BE1593000C7F3D2 /* Resources */,
			);
			buildRules = (
			);
			dependencies = (
				8C414FC82BE1593000C7F3D2 /* PBXTargetDependency */,
			);
			name = MyWeatherTests;
			productName = MyWeatherTests;
			productReference = 8C414FC62BE1593000C7F3D2 /* MyWeatherTests.xctest */;
			productType = "com.apple.product-type.bundle.unit-test";
		};
		8C414FCF2BE1593000C7F3D2 /* MyWeatherUITests */ = {
			isa = PBXNativeTarget;
			buildConfigurationList = 8C414FE02BE1593000C7F3D2 /* Build configuration list for PBXNativeTarget "MyWeatherUITests" */;
			buildPhases = (
				8C414FCC2BE1593000C7F3D2 /* Sources */,
				8C414FCD2BE1593000C7F3D2 /* Frameworks */,
				8C414FCE2BE1593000C7F3D2 /* Resources */,
			);
			buildRules = (
			);
			dependencies = (
				8C414FD22BE1593000C7F3D2 /* PBXTargetDependency */,
			);
			name = MyWeatherUITests;
			productName = MyWeatherUITests;
			productReference = 8C414FD02BE1593000C7F3D2 /* MyWeatherUITests.xctest */;
			productType = "com.apple.product-type.bundle.ui-testing";
		};
/* End PBXNativeTarget section */

/* Begin PBXProject section */
		8C414FAE2BE1592E00C7F3D2 /* Project object */ = {
			isa = PBXProject;
			attributes = {
				BuildIndependentTargetsInParallel = 1;
				LastSwiftUpdateCheck = 1530;
				LastUpgradeCheck = 1530;
				TargetAttributes = {
					8C414FB52BE1592E00C7F3D2 = {
						CreatedOnToolsVersion = 15.3;
					};
					8C414FC52BE1593000C7F3D2 = {
						CreatedOnToolsVersion = 15.3;
						TestTargetID = 8C414FB52BE1592E00C7F3D2;
					};
					8C414FCF2BE1593000C7F3D2 = {
						CreatedOnToolsVersion = 15.3;
						TestTargetID = 8C414FB52BE1592E00C7F3D2;
					};
				};
			};
			buildConfigurationList = 8C414FB12BE1592E00C7F3D2 /* Build configuration list for PBXProject "MyWeather" */;
			compatibilityVersion = "Xcode 14.0";
			developmentRegion = en;
			hasScannedForEncodings = 0;
			knownRegions = (
				en,
				Base,
			);
			mainGroup = 8C414FAD2BE1592E00C7F3D2;
			productRefGroup = 8C414FB72BE1592E00C7F3D2 /* Products */;
			projectDirPath = "";
			projectRoot = "";
			targets = (
				8C414FB52BE1592E00C7F3D2 /* MyWeather */,
				8C414FC52BE1593000C7F3D2 /* MyWeatherTests */,
				8C414FCF2BE1593000C7F3D2 /* MyWeatherUITests */,
			);
		};
/* End PBXProject section */

/* Begin PBXResourcesBuildPhase section */
		8C414FB42BE1592E00C7F3D2 /* Resources */ = {
			isa = PBXResourcesBuildPhase;
			buildActionMask = 2147483647;
			files = (
				8C414FC12BE1593000C7F3D2 /* Preview Assets.xcassets in Resources */,
				8C414FBE2BE1593000C7F3D2 /* Assets.xcassets in Resources */,
			);
			runOnlyForDeploymentPostprocessing = 0;
		};
		8C414FC42BE1593000C7F3D2 /* Resources */ = {
			isa = PBXResourcesBuildPhase;
			buildActionMask = 2147483647;
			files = (
			);
			runOnlyForDeploymentPostprocessing = 0;
		};
		8C414FCE2BE1593000C7F3D2 /* Resources */ = {
			isa = PBXResourcesBuildPhase;
			buildActionMask = 2147483647;
			files = (
			);
			runOnlyForDeploymentPostprocessing = 0;
		};
/* End PBXResourcesBuildPhase section */

/* Begin PBXSourcesBuildPhase section */
		8C414FB22BE1592E00C7F3D2 /* Sources */ = {
			isa = PBXSourcesBuildPhase;
			buildActionMask = 2147483647;
			files = (
				8C414FF42BE1941800C7F3D2 /* WeatherDayView.swift in Sources */,
				8C414FF22BE193EF00C7F3D2 /* BackgroundView.swift in Sources */,
				8C414FBC2BE1592F00C7F3D2 /* ContentView.swift in Sources */,
				8C414FF02BE193CF00C7F3D2 /* CityTextView.swift in Sources */,
				8C414FBA2BE1592F00C7F3D2 /* MyWeatherApp.swift in Sources */,
				8C414FE42BE190FC00C7F3D2 /* WeatherButton.swift in Sources */,
				8C414FEE2BE193AB00C7F3D2 /* MainWeatherStatus.swift in Sources */,
			);
			runOnlyForDeploymentPostprocessing = 0;
		};
		8C414FC22BE1593000C7F3D2 /* Sources */ = {
			isa = PBXSourcesBuildPhase;
			buildActionMask = 2147483647;
			files = (
				8C414FCB2BE1593000C7F3D2 /* MyWeatherTests.swift in Sources */,
			);
			runOnlyForDeploymentPostprocessing = 0;
		};
		8C414FCC2BE1593000C7F3D2 /* Sources */ = {
			isa = PBXSourcesBuildPhase;
			buildActionMask = 2147483647;
			files = (
				8C414FD52BE1593000C7F3D2 /* MyWeatherUITests.swift in Sources */,
				8C414FD72BE1593000C7F3D2 /* MyWeatherUITestsLaunchTests.swift in Sources */,
			);
			runOnlyForDeploymentPostprocessing = 0;
		};
/* End PBXSourcesBuildPhase section */

/* Begin PBXTargetDependency section */
		8C414FC82BE1593000C7F3D2 /* PBXTargetDependency */ = {
			isa = PBXTargetDependency;
			target = 8C414FB52BE1592E00C7F3D2 /* MyWeather */;
			targetProxy = 8C414FC72BE1593000C7F3D2 /* PBXContainerItemProxy */;
		};
		8C414FD22BE1593000C7F3D2 /* PBXTargetDependency */ = {
			isa = PBXTargetDependency;
			target = 8C414FB52BE1592E00C7F3D2 /* MyWeather */;
			targetProxy = 8C414FD12BE1593000C7F3D2 /* PBXContainerItemProxy */;
		};
/* End PBXTargetDependency section */

/* Begin XCBuildConfiguration section */
		8C414FD82BE1593000C7F3D2 /* Debug */ = {
			isa = XCBuildConfiguration;
			buildSettings = {
				ALWAYS_SEARCH_USER_PATHS = NO;
				ASSETCATALOG_COMPILER_GENERATE_SWIFT_ASSET_SYMBOL_EXTENSIONS = YES;
				CLANG_ANALYZER_NONNULL = YES;
				CLANG_ANALYZER_NUMBER_OBJECT_CONVERSION = YES_AGGRESSIVE;
				CLANG_CXX_LANGUAGE_STANDARD = "gnu++20";
				CLANG_ENABLE_MODULES = YES;
				CLANG_ENABLE_OBJC_ARC = YES;
				CLANG_ENABLE_OBJC_WEAK = YES;
				CLANG_WARN_BLOCK_CAPTURE_AUTORELEASING = YES;
				CLANG_WARN_BOOL_CONVERSION = YES;
				CLANG_WARN_COMMA = YES;
				CLANG_WARN_CONSTANT_CONVERSION = YES;
				CLANG_WARN_DEPRECATED_OBJC_IMPLEMENTATIONS = YES;
				CLANG_WARN_DIRECT_OBJC_ISA_USAGE = YES_ERROR;
				CLANG_WARN_DOCUMENTATION_COMMENTS = YES;
				CLANG_WARN_EMPTY_BODY = YES;
				CLANG_WARN_ENUM_CONVERSION = YES;
				CLANG_WARN_INFINITE_RECURSION = YES;
				CLANG_WARN_INT_CONVERSION = YES;
				CLANG_WARN_NON_LITERAL_NULL_CONVERSION = YES;
				CLANG_WARN_OBJC_IMPLICIT_RETAIN_SELF = YES;
				CLANG_WARN_OBJC_LITERAL_CONVERSION = YES;
				CLANG_WARN_OBJC_ROOT_CLASS = YES_ERROR;
				CLANG_WARN_QUOTED_INCLUDE_IN_FRAMEWORK_HEADER = YES;
				CLANG_WARN_RANGE_LOOP_ANALYSIS = YES;
				CLANG_WARN_STRICT_PROTOTYPES = YES;
				CLANG_WARN_SUSPICIOUS_MOVE = YES;
				CLANG_WARN_UNGUARDED_AVAILABILITY = YES_AGGRESSIVE;
				CLANG_WARN_UNREACHABLE_CODE = YES;
				CLANG_WARN__DUPLICATE_METHOD_MATCH = YES;
				COPY_PHASE_STRIP = NO;
				DEBUG_INFORMATION_FORMAT = dwarf;
				ENABLE_STRICT_OBJC_MSGSEND = YES;
				ENABLE_TESTABILITY = YES;
				ENABLE_USER_SCRIPT_SANDBOXING = YES;
				GCC_C_LANGUAGE_STANDARD = gnu17;
				GCC_DYNAMIC_NO_PIC = NO;
				GCC_NO_COMMON_BLOCKS = YES;
				GCC_OPTIMIZATION_LEVEL = 0;
				GCC_PREPROCESSOR_DEFINITIONS = (
					"DEBUG=1",
					"$(inherited)",
				);
				GCC_WARN_64_TO_32_BIT_CONVERSION = YES;
				GCC_WARN_ABOUT_RETURN_TYPE = YES_ERROR;
				GCC_WARN_UNDECLARED_SELECTOR = YES;
				GCC_WARN_UNINITIALIZED_AUTOS = YES_AGGRESSIVE;
				GCC_WARN_UNUSED_FUNCTION = YES;
				GCC_WARN_UNUSED_VARIABLE = YES;
				IPHONEOS_DEPLOYMENT_TARGET = 17.4;
				LOCALIZATION_PREFERS_STRING_CATALOGS = YES;
				MTL_ENABLE_DEBUG_INFO = INCLUDE_SOURCE;
				MTL_FAST_MATH = YES;
				ONLY_ACTIVE_ARCH = YES;
				SDKROOT = iphoneos;
				SWIFT_ACTIVE_COMPILATION_CONDITIONS = "DEBUG $(inherited)";
				SWIFT_OPTIMIZATION_LEVEL = "-Onone";
			};
			name = Debug;
		};
		8C414FD92BE1593000C7F3D2 /* Release */ = {
			isa = XCBuildConfiguration;
			buildSettings = {
				ALWAYS_SEARCH_USER_PATHS = NO;
				ASSETCATALOG_COMPILER_GENERATE_SWIFT_ASSET_SYMBOL_EXTENSIONS = YES;
				CLANG_ANALYZER_NONNULL = YES;
				CLANG_ANALYZER_NUMBER_OBJECT_CONVERSION = YES_AGGRESSIVE;
				CLANG_CXX_LANGUAGE_STANDARD = "gnu++20";
				CLANG_ENABLE_MODULES = YES;
				CLANG_ENABLE_OBJC_ARC = YES;
				CLANG_ENABLE_OBJC_WEAK = YES;
				CLANG_WARN_BLOCK_CAPTURE_AUTORELEASING = YES;
				CLANG_WARN_BOOL_CONVERSION = YES;
				CLANG_WARN_COMMA = YES;
				CLANG_WARN_CONSTANT_CONVERSION = YES;
				CLANG_WARN_DEPRECATED_OBJC_IMPLEMENTATIONS = YES;
				CLANG_WARN_DIRECT_OBJC_ISA_USAGE = YES_ERROR;
				CLANG_WARN_DOCUMENTATION_COMMENTS = YES;
				CLANG_WARN_EMPTY_BODY = YES;
				CLANG_WARN_ENUM_CONVERSION = YES;
				CLANG_WARN_INFINITE_RECURSION = YES;
				CLANG_WARN_INT_CONVERSION = YES;
				CLANG_WARN_NON_LITERAL_NULL_CONVERSION = YES;
				CLANG_WARN_OBJC_IMPLICIT_RETAIN_SELF = YES;
				CLANG_WARN_OBJC_LITERAL_CONVERSION = YES;
				CLANG_WARN_OBJC_ROOT_CLASS = YES_ERROR;
				CLANG_WARN_QUOTED_INCLUDE_IN_FRAMEWORK_HEADER = YES;
				CLANG_WARN_RANGE_LOOP_ANALYSIS = YES;
				CLANG_WARN_STRICT_PROTOTYPES = YES;
				CLANG_WARN_SUSPICIOUS_MOVE = YES;
				CLANG_WARN_UNGUARDED_AVAILABILITY = YES_AGGRESSIVE;
				CLANG_WARN_UNREACHABLE_CODE = YES;
				CLANG_WARN__DUPLICATE_METHOD_MATCH = YES;
				COPY_PHASE_STRIP = NO;
				DEBUG_INFORMATION_FORMAT = "dwarf-with-dsym";
				ENABLE_NS_ASSERTIONS = NO;
				ENABLE_STRICT_OBJC_MSGSEND = YES;
				ENABLE_USER_SCRIPT_SANDBOXING = YES;
				GCC_C_LANGUAGE_STANDARD = gnu17;
				GCC_NO_COMMON_BLOCKS = YES;
				GCC_WARN_64_TO_32_BIT_CONVERSION = YES;
				GCC_WARN_ABOUT_RETURN_TYPE = YES_ERROR;
				GCC_WARN_UNDECLARED_SELECTOR = YES;
				GCC_WARN_UNINITIALIZED_AUTOS = YES_AGGRESSIVE;
				GCC_WARN_UNUSED_FUNCTION = YES;
				GCC_WARN_UNUSED_VARIABLE = YES;
				IPHONEOS_DEPLOYMENT_TARGET = 17.4;
				LOCALIZATION_PREFERS_STRING_CATALOGS = YES;
				MTL_ENABLE_DEBUG_INFO = NO;
				MTL_FAST_MATH = YES;
				SDKROOT = iphoneos;
				SWIFT_COMPILATION_MODE = wholemodule;
				VALIDATE_PRODUCT = YES;
			};
			name = Release;
		};
		8C414FDB2BE1593000C7F3D2 /* Debug */ = {
			isa = XCBuildConfiguration;
			buildSettings = {
				ASSETCATALOG_COMPILER_APPICON_NAME = AppIcon;
				ASSETCATALOG_COMPILER_GLOBAL_ACCENT_COLOR_NAME = AccentColor;
				CODE_SIGN_STYLE = Automatic;
				CURRENT_PROJECT_VERSION = 1;
				DEVELOPMENT_ASSET_PATHS = "\"MyWeather/Preview Content\"";
				DEVELOPMENT_TEAM = 8ZJ9VQQLXJ;
				ENABLE_PREVIEWS = YES;
				GENERATE_INFOPLIST_FILE = YES;
				INFOPLIST_KEY_UIApplicationSceneManifest_Generation = YES;
				INFOPLIST_KEY_UIApplicationSupportsIndirectInputEvents = YES;
				INFOPLIST_KEY_UILaunchScreen_Generation = YES;
				INFOPLIST_KEY_UISupportedInterfaceOrientations_iPad = "UIInterfaceOrientationPortrait UIInterfaceOrientationPortraitUpsideDown UIInterfaceOrientationLandscapeLeft UIInterfaceOrientationLandscapeRight";
				INFOPLIST_KEY_UISupportedInterfaceOrientations_iPhone = "UIInterfaceOrientationPortrait UIInterfaceOrientationLandscapeLeft UIInterfaceOrientationLandscapeRight";
				IPHONEOS_DEPLOYMENT_TARGET = 17.4;
				LD_RUNPATH_SEARCH_PATHS = (
					"$(inherited)",
					"@executable_path/Frameworks",
				);
				MARKETING_VERSION = 1.0;
				PRODUCT_BUNDLE_IDENTIFIER = net.apimonster.MyWeather;
				PRODUCT_NAME = "$(TARGET_NAME)";
				SWIFT_EMIT_LOC_STRINGS = YES;
				SWIFT_VERSION = 5.0;
				TARGETED_DEVICE_FAMILY = "1,2";
			};
			name = Debug;
		};
		8C414FDC2BE1593000C7F3D2 /* Release */ = {
			isa = XCBuildConfiguration;
			buildSettings = {
				ASSETCATALOG_COMPILER_APPICON_NAME = AppIcon;
				ASSETCATALOG_COMPILER_GLOBAL_ACCENT_COLOR_NAME = AccentColor;
				CODE_SIGN_STYLE = Automatic;
				CURRENT_PROJECT_VERSION = 1;
				DEVELOPMENT_ASSET_PATHS = "\"MyWeather/Preview Content\"";
				DEVELOPMENT_TEAM = 8ZJ9VQQLXJ;
				ENABLE_PREVIEWS = YES;
				GENERATE_INFOPLIST_FILE = YES;
				INFOPLIST_KEY_UIApplicationSceneManifest_Generation = YES;
				INFOPLIST_KEY_UIApplicationSupportsIndirectInputEvents = YES;
				INFOPLIST_KEY_UILaunchScreen_Generation = YES;
				INFOPLIST_KEY_UISupportedInterfaceOrientations_iPad = "UIInterfaceOrientationPortrait UIInterfaceOrientationPortraitUpsideDown UIInterfaceOrientationLandscapeLeft UIInterfaceOrientationLandscapeRight";
				INFOPLIST_KEY_UISupportedInterfaceOrientations_iPhone = "UIInterfaceOrientationPortrait UIInterfaceOrientationLandscapeLeft UIInterfaceOrientationLandscapeRight";
				IPHONEOS_DEPLOYMENT_TARGET = 17.4;
				LD_RUNPATH_SEARCH_PATHS = (
					"$(inherited)",
					"@executable_path/Frameworks",
				);
				MARKETING_VERSION = 1.0;
				PRODUCT_BUNDLE_IDENTIFIER = net.apimonster.MyWeather;
				PRODUCT_NAME = "$(TARGET_NAME)";
				SWIFT_EMIT_LOC_STRINGS = YES;
				SWIFT_VERSION = 5.0;
				TARGETED_DEVICE_FAMILY = "1,2";
			};
			name = Release;
		};
		8C414FDE2BE1593000C7F3D2 /* Debug */ = {
			isa = XCBuildConfiguration;
			buildSettings = {
				ALWAYS_EMBED_SWIFT_STANDARD_LIBRARIES = YES;
				BUNDLE_LOADER = "$(TEST_HOST)";
				CODE_SIGN_STYLE = Automatic;
				CURRENT_PROJECT_VERSION = 1;
				DEVELOPMENT_TEAM = 8ZJ9VQQLXJ;
				GENERATE_INFOPLIST_FILE = YES;
				IPHONEOS_DEPLOYMENT_TARGET = 17.4;
				MARKETING_VERSION = 1.0;
				PRODUCT_BUNDLE_IDENTIFIER = net.apimonster.MyWeatherTests;
				PRODUCT_NAME = "$(TARGET_NAME)";
				SWIFT_EMIT_LOC_STRINGS = NO;
				SWIFT_VERSION = 5.0;
				TARGETED_DEVICE_FAMILY = "1,2";
				TEST_HOST = "$(BUILT_PRODUCTS_DIR)/MyWeather.app/$(BUNDLE_EXECUTABLE_FOLDER_PATH)/MyWeather";
			};
			name = Debug;
		};
		8C414FDF2BE1593000C7F3D2 /* Release */ = {
			isa = XCBuildConfiguration;
			buildSettings = {
				ALWAYS_EMBED_SWIFT_STANDARD_LIBRARIES = YES;
				BUNDLE_LOADER = "$(TEST_HOST)";
				CODE_SIGN_STYLE = Automatic;
				CURRENT_PROJECT_VERSION = 1;
				DEVELOPMENT_TEAM = 8ZJ9VQQLXJ;
				GENERATE_INFOPLIST_FILE = YES;
				IPHONEOS_DEPLOYMENT_TARGET = 17.4;
				MARKETING_VERSION = 1.0;
				PRODUCT_BUNDLE_IDENTIFIER = net.apimonster.MyWeatherTests;
				PRODUCT_NAME = "$(TARGET_NAME)";
				SWIFT_EMIT_LOC_STRINGS = NO;
				SWIFT_VERSION = 5.0;
				TARGETED_DEVICE_FAMILY = "1,2";
				TEST_HOST = "$(BUILT_PRODUCTS_DIR)/MyWeather.app/$(BUNDLE_EXECUTABLE_FOLDER_PATH)/MyWeather";
			};
			name = Release;
		};
		8C414FE12BE1593000C7F3D2 /* Debug */ = {
			isa = XCBuildConfiguration;
			buildSettings = {
				ALWAYS_EMBED_SWIFT_STANDARD_LIBRARIES = YES;
				CODE_SIGN_STYLE = Automatic;
				CURRENT_PROJECT_VERSION = 1;
				DEVELOPMENT_TEAM = 8ZJ9VQQLXJ;
				GENERATE_INFOPLIST_FILE = YES;
				MARKETING_VERSION = 1.0;
				PRODUCT_BUNDLE_IDENTIFIER = net.apimonster.MyWeatherUITests;
				PRODUCT_NAME = "$(TARGET_NAME)";
				SWIFT_EMIT_LOC_STRINGS = NO;
				SWIFT_VERSION = 5.0;
				TARGETED_DEVICE_FAMILY = "1,2";
				TEST_TARGET_NAME = MyWeather;
			};
			name = Debug;
		};
		8C414FE22BE1593000C7F3D2 /* Release */ = {
			isa = XCBuildConfiguration;
			buildSettings = {
				ALWAYS_EMBED_SWIFT_STANDARD_LIBRARIES = YES;
				CODE_SIGN_STYLE = Automatic;
				CURRENT_PROJECT_VERSION = 1;
				DEVELOPMENT_TEAM = 8ZJ9VQQLXJ;
				GENERATE_INFOPLIST_FILE = YES;
				MARKETING_VERSION = 1.0;
				PRODUCT_BUNDLE_IDENTIFIER = net.apimonster.MyWeatherUITests;
				PRODUCT_NAME = "$(TARGET_NAME)";
				SWIFT_EMIT_LOC_STRINGS = NO;
				SWIFT_VERSION = 5.0;
				TARGETED_DEVICE_FAMILY = "1,2";
				TEST_TARGET_NAME = MyWeather;
			};
			name = Release;
		};
/* End XCBuildConfiguration section */

/* Begin XCConfigurationList section */
		8C414FB12BE1592E00C7F3D2 /* Build configuration list for PBXProject "MyWeather" */ = {
			isa = XCConfigurationList;
			buildConfigurations = (
				8C414FD82BE1593000C7F3D2 /* Debug */,
				8C414FD92BE1593000C7F3D2 /* Release */,
			);
			defaultConfigurationIsVisible = 0;
			defaultConfigurationName = Release;
		};
		8C414FDA2BE1593000C7F3D2 /* Build configuration list for PBXNativeTarget "MyWeather" */ = {
			isa = XCConfigurationList;
			buildConfigurations = (
				8C414FDB2BE1593000C7F3D2 /* Debug */,
				8C414FDC2BE1593000C7F3D2 /* Release */,
			);
			defaultConfigurationIsVisible = 0;
			defaultConfigurationName = Release;
		};
		8C414FDD2BE1593000C7F3D2 /* Build configuration list for PBXNativeTarget "MyWeatherTests" */ = {
			isa = XCConfigurationList;
			buildConfigurations = (
				8C414FDE2BE1593000C7F3D2 /* Debug */,
				8C414FDF2BE1593000C7F3D2 /* Release */,
			);
			defaultConfigurationIsVisible = 0;
			defaultConfigurationName = Release;
		};
		8C414FE02BE1593000C7F3D2 /* Build configuration list for PBXNativeTarget "MyWeatherUITests" */ = {
			isa = XCConfigurationList;
			buildConfigurations = (
				8C414FE12BE1593000C7F3D2 /* Debug */,
				8C414FE22BE1593000C7F3D2 /* Release */,
			);
			defaultConfigurationIsVisible = 0;
			defaultConfigurationName = Release;
		};
/* End XCConfigurationList section */
	};
	rootObject = 8C414FAE2BE1592E00C7F3D2 /* Project object */;
}
